<?xml version="1.0" encoding="utf-8"?>
<Project ToolsVersion="4.0" xmlns="http://schemas.microsoft.com/developer/msbuild/2003">
  <ItemGroup>
    <Filter Include="Source Files">
      <UniqueIdentifier>{466b13b9-5027-430a-a3bc-f6bb1ddabe85}</UniqueIdentifier>
      <Extensions>cpp;c;cxx;rc;def;r;odl;idl;hpj;bat</Extensions>
    </Filter>
    <Filter Include="Header Files">
      <UniqueIdentifier>{fdcdb526-cef4-4a59-aad4-8c6616fa6367}</UniqueIdentifier>
      <Extensions>h;hpp;hxx;hm;inl</Extensions>
    </Filter>
  </ItemGroup>
  <ItemGroup>
    <ClCompile Include="arithmetic.cpp">
      <Filter>Source Files</Filter>
    </ClCompile>
    <ClCompile Include="exclude.cpp">
      <Filter>Source Files</Filter>
    </ClCompile>
    <ClCompile Include="mtstream.cpp">
      <Filter>Source Files</Filter>
    </ClCompile>
    <ClCompile Include="rijndael.cpp">
      <Filter>Source Files</Filter>
    </ClCompile>
    <ClCompile Include="simplemodel.cpp">
      <Filter>Source Files</Filter>
    </ClCompile>
    <ClCompile Include="sufftree.cpp">
      <Filter>Source Files</Filter>
    </ClCompile>
    <ClCompile Include="trivial.cpp">
      <Filter>Source Files</Filter>
    </ClCompile>
  </ItemGroup>
  <ItemGroup>
    <ClInclude Include="arithmetic.h">
      <Filter>Header Files</Filter>
    </ClInclude>
    <ClInclude Include="exclude.h">
      <Filter>Header Files</Filter>
    </ClInclude>
    <ClInclude Include="mtstream.h">
      <Filter>Header Files</Filter>
    </ClInclude>
    <ClInclude Include="rijndael.h">
      <Filter>Header Files</Filter>
    </ClInclude>
    <ClInclude Include="simplemodel.h">
      <Filter>Header Files</Filter>
    </ClInclude>
    <ClInclude Include="sufftree.h">
      <Filter>Header Files</Filter>
    </ClInclude>
    <ClInclude Include="trivial.h">
      <Filter>Header Files</Filter>
    </ClInclude>
  </ItemGroup>
</Project>