<?xml version="1.0" encoding="utf-8"?>
<Project ToolsVersion="4.0" xmlns="http://schemas.microsoft.com/developer/msbuild/2003">
  <ItemGroup>
    <Filter Include="Source Files">
      <UniqueIdentifier>{bc641780-915d-4657-9f9c-b21c7eb0f2e7}</UniqueIdentifier>
      <Extensions>cpp;c;cxx;rc;def;r;odl;idl;hpj;bat</Extensions>
    </Filter>
    <Filter Include="Header Files">
      <UniqueIdentifier>{0944b9e1-f69f-4cb0-955d-e6df3e2b1024}</UniqueIdentifier>
      <Extensions>h;hpp;hxx;hm;inl</Extensions>
    </Filter>
    <Filter Include="Resource Files">
      <UniqueIdentifier>{c90b14f3-e65f-45ff-9217-9f9b8b77ef9e}</UniqueIdentifier>
      <Extensions>ico;cur;bmp;dlg;rc2;rct;bin;rgs;gif;jpg;jpeg;jpe</Extensions>
    </Filter>
  </ItemGroup>
  <ItemGroup>
    <ClCompile Include="arithmetic.cpp">
      <Filter>Source Files</Filter>
    </ClCompile>
    <ClCompile Include="biacode.cpp">
      <Filter>Source Files</Filter>
    </ClCompile>
    <ClCompile Include="foio.cpp">
      <Filter>Source Files</Filter>
    </ClCompile>
    <ClCompile Include="simplemodel.cpp">
      <Filter>Source Files</Filter>
    </ClCompile>
  </ItemGroup>
  <ItemGroup>
    <ClInclude Include="arithmetic.h">
      <Filter>Header Files</Filter>
    </ClInclude>
    <ClInclude Include="foio.h">
      <Filter>Header Files</Filter>
    </ClInclude>
    <ClInclude Include="simplemodel.h">
      <Filter>Header Files</Filter>
    </ClInclude>
  </ItemGroup>
</Project>